
Microsoft Visual Studio Solution File, Format Version 12.00
# Visual Studio Version 16
VisualStudioVersion = 16.0.31624.102
MinimumVisualStudioVersion = 10.0.40219.1
Project("{FAE04EC0-301F-11D3-BF4B-00C04F79EFBC}") = "D'Anjolell_final", "D'Anjolell_final\D'Anjolell_final.csproj", "{B4781418-F39D-4688-975D-58D86795A059}"
EndProject
Global
	GlobalSection(SolutionConfigurationPlatforms) = preSolution
		Debug|Any CPU = Debug|Any CPU
		Release|Any CPU = Release|Any CPU
	EndGlobalSection
	GlobalSection(ProjectConfigurationPlatforms) = postSolution
		{B4781418-F39D-4688-975D-58D86795A059}.Debug|Any CPU.ActiveCfg = Debug|Any CPU
		{B4781418-F39D-4688-975D-58D86795A059}.Debug|Any CPU.Build.0 = Debug|Any CPU
		{B4781418-F39D-4688-975D-58D86795A059}.Release|Any CPU.ActiveCfg = Release|Any CPU
		{B4781418-F39D-4688-975D-58D86795A059}.Release|Any CPU.Build.0 = Release|Any CPU
	EndGlobalSection
	GlobalSection(SolutionProperties) = preSolution
		HideSolutionNode = FALSE
	EndGlobalSection
	GlobalSection(ExtensibilityGlobals) = postSolution
		SolutionGuid = {AE697B47-AB9A-4764-A2DA-E83D549BA478}
	EndGlobalSection
EndGlobal
